
Microsoft Visual Studio Solution File, Format Version 12.00
# Visual Studio Version 16
VisualStudioVersion = 16.0.29709.97
MinimumVisualStudioVersion = 10.0.40219.1
Project("{FAE04EC0-301F-11D3-BF4B-00C04F79EFBC}") = "AlphabetSpam", "AlphabetSpam\AlphabetSpam.csproj", "{F90EEFF9-0ADC-4D00-8F8C-9A1E39E30254}"
EndProject
Global
	GlobalSection(SolutionConfigurationPlatforms) = preSolution
		Debug|Any CPU = Debug|Any CPU
		Release|Any CPU = Release|Any CPU
	EndGlobalSection
	GlobalSection(ProjectConfigurationPlatforms) = postSolution
		{F90EEFF9-0ADC-4D00-8F8C-9A1E39E30254}.Debug|Any CPU.ActiveCfg = Debug|Any CPU
		{F90EEFF9-0ADC-4D00-8F8C-9A1E39E30254}.Debug|Any CPU.Build.0 = Debug|Any CPU
		{F90EEFF9-0ADC-4D00-8F8C-9A1E39E30254}.Release|Any CPU.ActiveCfg = Release|Any CPU
		{F90EEFF9-0ADC-4D00-8F8C-9A1E39E30254}.Release|Any CPU.Build.0 = Release|Any CPU
	EndGlobalSection
	GlobalSection(SolutionProperties) = preSolution
		HideSolutionNode = FALSE
	EndGlobalSection
	GlobalSection(ExtensibilityGlobals) = postSolution
		SolutionGuid = {C0949ABD-F437-4128-9F9B-4373B168C936}
	EndGlobalSection
EndGlobal
